{
    "_readme": [
        "This file locks the dependencies of your project to a known state",
        "Read more about it at https://getcomposer.org/doc/01-basic-usage.md#installing-dependencies",
        "This file is @generated automatically"
    ],
    "content-hash": "fb4f5090005948e28bfe8ae43ea963f5",
    "packages": [
        {
            "name": "coduo/php-humanizer",
            "version": "2.0.1",
            "source": {
                "type": "git",
                "url": "https://github.com/coduo/php-humanizer.git",
                "reference": "11ccf452cd3e9ebd65d21d331dd9c83fa4d52cdf"
            },
            "dist": {
                "type": "zip",
                "url": "https://api.github.com/repos/coduo/php-humanizer/zipball/11ccf452cd3e9ebd65d21d331dd9c83fa4d52cdf",
                "reference": "11ccf452cd3e9ebd65d21d331dd9c83fa4d52cdf",
                "shasum": ""
            },
            "require": {
                "php": ">=5.3.0",
                "symfony/config": "^2.3|^3.0",
                "symfony/translation": "^2.3|^3.0",
                "symfony/yaml": "^2.3|^3.0"
            },
            "require-dev": {
                "phpspec/phpspec": "^2",
                "phpunit/phpunit": "^4.5|^5.0",
                "thunderer/shortcode": "~0.5"
            },
            "suggest": {
                "ext-intl": "Required if you are going to use humanizer with different locales than en_EN"
            },
            "type": "library",
            "extra": {
                "branch-alias": {
                    "dev-master": "2.1-dev"
                }
            },
            "autoload": {
                "psr-4": {
                    "": "src",
                    "Coduo\\PHPHumanizer\\Tests\\": "tests/"
                }
            },
            "notification-url": "https://packagist.org/downloads/",
            "license": [
                "MIT"
            ],
            "authors": [
                {
                    "name": "Norbert Orzechowicz",
                    "email": "norbert@orzechowicz.pl"
                },
                {
                    "name": "Michał Dąbrowski",
                    "email": "dabrowski@brillante.pl"
                }
            ],
            "keywords": [
                "humanize",
                "humanizer",
                "php"
            ],
            "time": "2019-02-25T09:53:32+00:00"
        },
        {
            "name": "dshafik/php7-mysql-shim",
            "version": "0.2.0",
            "source": {
                "type": "git",
                "url": "https://github.com/dshafik/php7-mysql-shim.git",
                "reference": "615fb0f4111d584d5a36a9abc5f0c28e417a9c7e"
            },
            "dist": {
                "type": "zip",
                "url": "https://api.github.com/repos/dshafik/php7-mysql-shim/zipball/615fb0f4111d584d5a36a9abc5f0c28e417a9c7e",
                "reference": "615fb0f4111d584d5a36a9abc5f0c28e417a9c7e",
                "shasum": ""
            },
            "require": {
                "ext-mysqli": "*"
            },
            "require-dev": {
                "friendsofphp/php-cs-fixer": "^1.9",
                "phpunit/phpunit": "^5.2",
                "squizlabs/php_codesniffer": "^2.3"
            },
            "type": "library",
            "autoload": {
                "files": [
                    "lib/mysql.php"
                ]
            },
            "notification-url": "https://packagist.org/downloads/",
            "license": [
                "MIT"
            ],
            "authors": [
                {
                    "name": "Davey Shafik",
                    "email": "me@daveyshafik.com",
                    "homepage": "https://daveyshafik.com"
                }
            ],
            "description": "A PHP 7 shim for ext/mysql",
            "time": "2016-10-03T19:25:05+00:00"
        },
        {
            "name": "kevinlebrun/slug.php",
            "version": "1.0.1",
            "source": {
                "type": "git",
                "url": "https://github.com/kevinlebrun/slug.php.git",
                "reference": "96af9eb40e8f5bb3a44b59c9f777d3301dfaebe0"
            },
            "dist": {
                "type": "zip",
                "url": "https://api.github.com/repos/kevinlebrun/slug.php/zipball/96af9eb40e8f5bb3a44b59c9f777d3301dfaebe0",
                "reference": "96af9eb40e8f5bb3a44b59c9f777d3301dfaebe0",
                "shasum": ""
            },
            "require": {
                "php": ">=5.3.0"
            },
            "require-dev": {
                "phpunit/phpunit": "3.7.*",
                "satooshi/php-coveralls": "dev-master",
                "squizlabs/php_codesniffer": "1.*"
            },
            "type": "library",
            "autoload": {
                "psr-0": {
                    "Slug": "src/"
                }
            },
            "notification-url": "https://packagist.org/downloads/",
            "license": [
                "MIT"
            ],
            "authors": [
                {
                    "name": "Kevin Le Brun",
                    "role": "developer",
                    "email": "lebrun.k@gmail.com",
                    "homepage": "http://kevinlebrun.fr"
                }
            ],
            "description": "Slug helpers",
            "homepage": "https://github.com/kevinlebrun/slug.php",
            "keywords": [
                "generate",
                "helper",
                "slug",
                "util"
            ],
            "time": "2013-07-26T09:35:59+00:00"
        },
        {
            "name": "symfony/config",
            "version": "v3.4.30",
            "source": {
                "type": "git",
                "url": "https://github.com/symfony/config.git",
                "reference": "623fd6be3e5d4112d667003488c8c3ec12b66f62"
            },
            "dist": {
                "type": "zip",
                "url": "https://api.github.com/repos/symfony/config/zipball/623fd6be3e5d4112d667003488c8c3ec12b66f62",
                "reference": "623fd6be3e5d4112d667003488c8c3ec12b66f62",
                "shasum": ""
            },
            "require": {
                "php": "^5.5.9|>=7.0.8",
                "symfony/filesystem": "~2.8|~3.0|~4.0",
                "symfony/polyfill-ctype": "~1.8"
            },
            "conflict": {
                "symfony/dependency-injection": "<3.3",
                "symfony/finder": "<3.3"
            },
            "require-dev": {
                "symfony/dependency-injection": "~3.3|~4.0",
                "symfony/event-dispatcher": "~3.3|~4.0",
                "symfony/finder": "~3.3|~4.0",
                "symfony/yaml": "~3.0|~4.0"
            },
            "suggest": {
                "symfony/yaml": "To use the yaml reference dumper"
            },
            "type": "library",
            "extra": {
                "branch-alias": {
                    "dev-master": "3.4-dev"
                }
            },
            "autoload": {
                "psr-4": {
                    "Symfony\\Component\\Config\\": ""
                },
                "exclude-from-classmap": [
                    "/Tests/"
                ]
            },
            "notification-url": "https://packagist.org/downloads/",
            "license": [
                "MIT"
            ],
            "authors": [
                {
                    "name": "Fabien Potencier",
                    "email": "fabien@symfony.com"
                },
                {
                    "name": "Symfony Community",
                    "homepage": "https://symfony.com/contributors"
                }
            ],
            "description": "Symfony Config Component",
            "homepage": "https://symfony.com",
            "time": "2019-07-17T15:23:18+00:00"
        },
        {
            "name": "symfony/filesystem",
            "version": "v4.3.3",
            "source": {
                "type": "git",
                "url": "https://github.com/symfony/filesystem.git",
                "reference": "b9896d034463ad6fd2bf17e2bf9418caecd6313d"
            },
            "dist": {
                "type": "zip",
                "url": "https://api.github.com/repos/symfony/filesystem/zipball/b9896d034463ad6fd2bf17e2bf9418caecd6313d",
                "reference": "b9896d034463ad6fd2bf17e2bf9418caecd6313d",
                "shasum": ""
            },
            "require": {
                "php": "^7.1.3",
                "symfony/polyfill-ctype": "~1.8"
            },
            "type": "library",
            "extra": {
                "branch-alias": {
                    "dev-master": "4.3-dev"
                }
            },
            "autoload": {
                "psr-4": {
                    "Symfony\\Component\\Filesystem\\": ""
                },
                "exclude-from-classmap": [
                    "/Tests/"
                ]
            },
            "notification-url": "https://packagist.org/downloads/",
            "license": [
                "MIT"
            ],
            "authors": [
                {
                    "name": "Fabien Potencier",
                    "email": "fabien@symfony.com"
                },
                {
                    "name": "Symfony Community",
                    "homepage": "https://symfony.com/contributors"
                }
            ],
            "description": "Symfony Filesystem Component",
            "homepage": "https://symfony.com",
            "time": "2019-06-23T08:51:25+00:00"
        },
        {
            "name": "symfony/polyfill-ctype",
            "version": "v1.12.0",
            "source": {
                "type": "git",
                "url": "https://github.com/symfony/polyfill-ctype.git",
                "reference": "550ebaac289296ce228a706d0867afc34687e3f4"
            },
            "dist": {
                "type": "zip",
                "url": "https://api.github.com/repos/symfony/polyfill-ctype/zipball/550ebaac289296ce228a706d0867afc34687e3f4",
                "reference": "550ebaac289296ce228a706d0867afc34687e3f4",
                "shasum": ""
            },
            "require": {
                "php": ">=5.3.3"
            },
            "suggest": {
                "ext-ctype": "For best performance"
            },
            "type": "library",
            "extra": {
                "branch-alias": {
                    "dev-master": "1.12-dev"
                }
            },
            "autoload": {
                "psr-4": {
                    "Symfony\\Polyfill\\Ctype\\": ""
                },
                "files": [
                    "bootstrap.php"
                ]
            },
            "notification-url": "https://packagist.org/downloads/",
            "license": [
                "MIT"
            ],
            "authors": [
                {
                    "name": "Gert de Pagter",
                    "email": "BackEndTea@gmail.com"
                },
                {
                    "name": "Symfony Community",
                    "homepage": "https://symfony.com/contributors"
                }
            ],
            "description": "Symfony polyfill for ctype functions",
            "homepage": "https://symfony.com",
            "keywords": [
                "compatibility",
                "ctype",
                "polyfill",
                "portable"
            ],
            "time": "2019-08-06T08:03:45+00:00"
        },
        {
            "name": "symfony/polyfill-iconv",
            "version": "v1.12.0",
            "source": {
                "type": "git",
                "url": "https://github.com/symfony/polyfill-iconv.git",
                "reference": "685968b11e61a347c18bf25db32effa478be610f"
            },
            "dist": {
                "type": "zip",
                "url": "https://api.github.com/repos/symfony/polyfill-iconv/zipball/685968b11e61a347c18bf25db32effa478be610f",
                "reference": "685968b11e61a347c18bf25db32effa478be610f",
                "shasum": ""
            },
            "require": {
                "php": ">=5.3.3"
            },
            "suggest": {
                "ext-iconv": "For best performance"
            },
            "type": "library",
            "extra": {
                "branch-alias": {
                    "dev-master": "1.12-dev"
                }
            },
            "autoload": {
                "psr-4": {
                    "Symfony\\Polyfill\\Iconv\\": ""
                },
                "files": [
                    "bootstrap.php"
                ]
            },
            "notification-url": "https://packagist.org/downloads/",
            "license": [
                "MIT"
            ],
            "authors": [
                {
                    "name": "Nicolas Grekas",
                    "email": "p@tchwork.com"
                },
                {
                    "name": "Symfony Community",
                    "homepage": "https://symfony.com/contributors"
                }
            ],
            "description": "Symfony polyfill for the Iconv extension",
            "homepage": "https://symfony.com",
            "keywords": [
                "compatibility",
                "iconv",
                "polyfill",
                "portable",
                "shim"
            ],
            "time": "2019-08-06T08:03:45+00:00"
        },
        {
            "name": "symfony/polyfill-intl-grapheme",
            "version": "v1.12.0",
            "source": {
                "type": "git",
                "url": "https://github.com/symfony/polyfill-intl-grapheme.git",
                "reference": "f6d623160da72288a9b704d324e5a0e4b385331a"
            },
            "dist": {
                "type": "zip",
                "url": "https://api.github.com/repos/symfony/polyfill-intl-grapheme/zipball/f6d623160da72288a9b704d324e5a0e4b385331a",
                "reference": "f6d623160da72288a9b704d324e5a0e4b385331a",
                "shasum": ""
            },
            "require": {
                "php": ">=5.3.3"
            },
            "suggest": {
                "ext-intl": "For best performance"
            },
            "type": "library",
            "extra": {
                "branch-alias": {
                    "dev-master": "1.12-dev"
                }
            },
            "autoload": {
                "psr-4": {
                    "Symfony\\Polyfill\\Intl\\Grapheme\\": ""
                },
                "files": [
                    "bootstrap.php"
                ]
            },
            "notification-url": "https://packagist.org/downloads/",
            "license": [
                "MIT"
            ],
            "authors": [
                {
                    "name": "Nicolas Grekas",
                    "email": "p@tchwork.com"
                },
                {
                    "name": "Symfony Community",
                    "homepage": "https://symfony.com/contributors"
                }
            ],
            "description": "Symfony polyfill for intl's grapheme_* functions",
            "homepage": "https://symfony.com",
            "keywords": [
                "compatibility",
                "grapheme",
                "intl",
                "polyfill",
                "portable",
                "shim"
            ],
            "time": "2019-08-06T08:03:45+00:00"
        },
        {
            "name": "symfony/polyfill-intl-normalizer",
            "version": "v1.12.0",
            "source": {
                "type": "git",
                "url": "https://github.com/symfony/polyfill-intl-normalizer.git",
                "reference": "c7fcec8e5cd3fc87f91120b0b5d3cb1b7d44f7a9"
            },
            "dist": {
                "type": "zip",
                "url": "https://api.github.com/repos/symfony/polyfill-intl-normalizer/zipball/c7fcec8e5cd3fc87f91120b0b5d3cb1b7d44f7a9",
                "reference": "c7fcec8e5cd3fc87f91120b0b5d3cb1b7d44f7a9",
                "shasum": ""
            },
            "require": {
                "php": ">=5.3.3"
            },
            "suggest": {
                "ext-intl": "For best performance"
            },
            "type": "library",
            "extra": {
                "branch-alias": {
                    "dev-master": "1.12-dev"
                }
            },
            "autoload": {
                "psr-4": {
                    "Symfony\\Polyfill\\Intl\\Normalizer\\": ""
                },
                "files": [
                    "bootstrap.php"
                ],
                "classmap": [
                    "Resources/stubs"
                ]
            },
            "notification-url": "https://packagist.org/downloads/",
            "license": [
                "MIT"
            ],
            "authors": [
                {
                    "name": "Nicolas Grekas",
                    "email": "p@tchwork.com"
                },
                {
                    "name": "Symfony Community",
                    "homepage": "https://symfony.com/contributors"
                }
            ],
            "description": "Symfony polyfill for intl's Normalizer class and related functions",
            "homepage": "https://symfony.com",
            "keywords": [
                "compatibility",
                "intl",
                "normalizer",
                "polyfill",
                "portable",
                "shim"
            ],
            "time": "2019-08-06T08:03:45+00:00"
        },
        {
            "name": "symfony/polyfill-mbstring",
            "version": "v1.12.0",
            "source": {
                "type": "git",
                "url": "https://github.com/symfony/polyfill-mbstring.git",
                "reference": "b42a2f66e8f1b15ccf25652c3424265923eb4f17"
            },
            "dist": {
                "type": "zip",
                "url": "https://api.github.com/repos/symfony/polyfill-mbstring/zipball/b42a2f66e8f1b15ccf25652c3424265923eb4f17",
                "reference": "b42a2f66e8f1b15ccf25652c3424265923eb4f17",
                "shasum": ""
            },
            "require": {
                "php": ">=5.3.3"
            },
            "suggest": {
                "ext-mbstring": "For best performance"
            },
            "type": "library",
            "extra": {
                "branch-alias": {
                    "dev-master": "1.12-dev"
                }
            },
            "autoload": {
                "psr-4": {
                    "Symfony\\Polyfill\\Mbstring\\": ""
                },
                "files": [
                    "bootstrap.php"
                ]
            },
            "notification-url": "https://packagist.org/downloads/",
            "license": [
                "MIT"
            ],
            "authors": [
                {
                    "name": "Nicolas Grekas",
                    "email": "p@tchwork.com"
                },
                {
                    "name": "Symfony Community",
                    "homepage": "https://symfony.com/contributors"
                }
            ],
            "description": "Symfony polyfill for the Mbstring extension",
            "homepage": "https://symfony.com",
            "keywords": [
                "compatibility",
                "mbstring",
                "polyfill",
                "portable",
                "shim"
            ],
            "time": "2019-08-06T08:03:45+00:00"
        },
        {
            "name": "symfony/polyfill-php72",
            "version": "v1.12.0",
            "source": {
                "type": "git",
                "url": "https://github.com/symfony/polyfill-php72.git",
                "reference": "04ce3335667451138df4307d6a9b61565560199e"
            },
            "dist": {
                "type": "zip",
                "url": "https://api.github.com/repos/symfony/polyfill-php72/zipball/04ce3335667451138df4307d6a9b61565560199e",
                "reference": "04ce3335667451138df4307d6a9b61565560199e",
                "shasum": ""
            },
            "require": {
                "php": ">=5.3.3"
            },
            "type": "library",
            "extra": {
                "branch-alias": {
                    "dev-master": "1.12-dev"
                }
            },
            "autoload": {
                "psr-4": {
                    "Symfony\\Polyfill\\Php72\\": ""
                },
                "files": [
                    "bootstrap.php"
                ]
            },
            "notification-url": "https://packagist.org/downloads/",
            "license": [
                "MIT"
            ],
            "authors": [
                {
                    "name": "Nicolas Grekas",
                    "email": "p@tchwork.com"
                },
                {
                    "name": "Symfony Community",
                    "homepage": "https://symfony.com/contributors"
                }
            ],
            "description": "Symfony polyfill backporting some PHP 7.2+ features to lower PHP versions",
            "homepage": "https://symfony.com",
            "keywords": [
                "compatibility",
                "polyfill",
                "portable",
                "shim"
            ],
            "time": "2019-08-06T08:03:45+00:00"
        },
        {
            "name": "symfony/translation",
            "version": "v3.4.30",
            "source": {
                "type": "git",
                "url": "https://github.com/symfony/translation.git",
                "reference": "2c1d800807cfaf5a2c72102f3a7452cd28a12cc0"
            },
            "dist": {
                "type": "zip",
                "url": "https://api.github.com/repos/symfony/translation/zipball/2c1d800807cfaf5a2c72102f3a7452cd28a12cc0",
                "reference": "2c1d800807cfaf5a2c72102f3a7452cd28a12cc0",
                "shasum": ""
            },
            "require": {
                "php": "^5.5.9|>=7.0.8",
                "symfony/polyfill-mbstring": "~1.0"
            },
            "conflict": {
                "symfony/config": "<2.8",
                "symfony/dependency-injection": "<3.4",
                "symfony/yaml": "<3.4"
            },
            "require-dev": {
                "psr/log": "~1.0",
                "symfony/config": "~2.8|~3.0|~4.0",
                "symfony/dependency-injection": "~3.4|~4.0",
                "symfony/finder": "~2.8|~3.0|~4.0",
                "symfony/http-kernel": "~3.4|~4.0",
                "symfony/intl": "^2.8.18|^3.2.5|~4.0",
                "symfony/var-dumper": "~3.4|~4.0",
                "symfony/yaml": "~3.4|~4.0"
            },
            "suggest": {
                "psr/log-implementation": "To use logging capability in translator",
                "symfony/config": "",
                "symfony/yaml": ""
            },
            "type": "library",
            "extra": {
                "branch-alias": {
                    "dev-master": "3.4-dev"
                }
            },
            "autoload": {
                "psr-4": {
                    "Symfony\\Component\\Translation\\": ""
                },
                "exclude-from-classmap": [
                    "/Tests/"
                ]
            },
            "notification-url": "https://packagist.org/downloads/",
            "license": [
                "MIT"
            ],
            "authors": [
                {
                    "name": "Fabien Potencier",
                    "email": "fabien@symfony.com"
                },
                {
                    "name": "Symfony Community",
                    "homepage": "https://symfony.com/contributors"
                }
            ],
            "description": "Symfony Translation Component",
            "homepage": "https://symfony.com",
            "time": "2019-07-15T07:11:40+00:00"
        },
        {
            "name": "symfony/yaml",
            "version": "v3.4.30",
            "source": {
                "type": "git",
                "url": "https://github.com/symfony/yaml.git",
                "reference": "051d045c684148060ebfc9affb7e3f5e0899d40b"
            },
            "dist": {
                "type": "zip",
                "url": "https://api.github.com/repos/symfony/yaml/zipball/051d045c684148060ebfc9affb7e3f5e0899d40b",
                "reference": "051d045c684148060ebfc9affb7e3f5e0899d40b",
                "shasum": ""
            },
            "require": {
                "php": "^5.5.9|>=7.0.8",
                "symfony/polyfill-ctype": "~1.8"
            },
            "conflict": {
                "symfony/console": "<3.4"
            },
            "require-dev": {
                "symfony/console": "~3.4|~4.0"
            },
            "suggest": {
                "symfony/console": "For validating YAML files using the lint command"
            },
            "type": "library",
            "extra": {
                "branch-alias": {
                    "dev-master": "3.4-dev"
                }
            },
            "autoload": {
                "psr-4": {
                    "Symfony\\Component\\Yaml\\": ""
                },
                "exclude-from-classmap": [
                    "/Tests/"
                ]
            },
            "notification-url": "https://packagist.org/downloads/",
            "license": [
                "MIT"
            ],
            "authors": [
                {
                    "name": "Fabien Potencier",
                    "email": "fabien@symfony.com"
                },
                {
                    "name": "Symfony Community",
                    "homepage": "https://symfony.com/contributors"
                }
            ],
            "description": "Symfony Yaml Component",
            "homepage": "https://symfony.com",
            "time": "2019-07-24T13:01:31+00:00"
        },
        {
            "name": "voku/anti-xss",
            "version": "4.1.14",
            "source": {
                "type": "git",
                "url": "https://github.com/voku/anti-xss.git",
                "reference": "53c5da8039cf2ed226e3249b86a2be700c415f88"
            },
            "dist": {
                "type": "zip",
                "url": "https://api.github.com/repos/voku/anti-xss/zipball/53c5da8039cf2ed226e3249b86a2be700c415f88",
                "reference": "53c5da8039cf2ed226e3249b86a2be700c415f88",
                "shasum": ""
            },
            "require": {
                "php": ">=7.0.0",
                "voku/portable-utf8": "~5.4.1"
            },
            "require-dev": {
                "phpunit/phpunit": "~6.0 || ~7.0"
            },
            "type": "library",
            "extra": {
                "branch-alias": {
                    "dev-master": "4.1.x-dev"
                }
            },
            "autoload": {
                "psr-4": {
                    "voku\\helper\\": "src/voku/helper/"
                }
            },
            "notification-url": "https://packagist.org/downloads/",
            "license": [
                "MIT"
            ],
            "authors": [
                {
                    "name": "EllisLab Dev Team",
                    "homepage": "http://ellislab.com/"
                },
                {
                    "name": "Lars Moelleken",
                    "email": "lars@moelleken.org",
                    "homepage": "http://www.moelleken.org/"
                }
            ],
            "description": "anti xss-library",
            "homepage": "https://github.com/voku/anti-xss",
            "keywords": [
                "anti-xss",
                "clean",
                "security",
                "xss"
            ],
            "time": "2019-06-27T21:40:28+00:00"
        },
        {
            "name": "voku/portable-utf8",
            "version": "5.4.16",
            "source": {
                "type": "git",
                "url": "https://github.com/voku/portable-utf8.git",
                "reference": "8e64a63f9ba8e4c4c37ec30a1ace5f360d1dcdc5"
            },
            "dist": {
                "type": "zip",
                "url": "https://api.github.com/repos/voku/portable-utf8/zipball/8e64a63f9ba8e4c4c37ec30a1ace5f360d1dcdc5",
                "reference": "8e64a63f9ba8e4c4c37ec30a1ace5f360d1dcdc5",
                "shasum": ""
            },
            "require": {
                "php": ">=7.0.0",
                "symfony/polyfill-iconv": "~1.0",
                "symfony/polyfill-intl-grapheme": "~1.0",
                "symfony/polyfill-intl-normalizer": "~1.0",
                "symfony/polyfill-mbstring": "~1.0",
                "symfony/polyfill-php72": "~1.0"
            },
            "require-dev": {
                "phpunit/phpunit": "~6.0 || ~7.0"
            },
            "suggest": {
                "ext-ctype": "Use Ctype for e.g. hexadecimal digit detection",
                "ext-fileinfo": "Use Fileinfo for better binary file detection",
                "ext-iconv": "Use iconv for best performance",
                "ext-intl": "Use Intl for best performance",
                "ext-json": "Use JSON for string detection",
                "ext-mbstring": "Use Mbstring for best performance"
            },
            "type": "library",
            "autoload": {
                "psr-4": {
                    "voku\\": "src/voku/",
                    "voku\\tests\\": "tests/"
                },
                "files": [
                    "bootstrap.php"
                ]
            },
            "notification-url": "https://packagist.org/downloads/",
            "license": [
                "(Apache-2.0 or GPL-2.0)"
            ],
            "authors": [
                {
                    "name": "Nicolas Grekas",
                    "email": "p@tchwork.com"
                },
                {
                    "name": "Hamid Sarfraz",
                    "homepage": "http://pageconfig.com/"
                },
                {
                    "name": "Lars Moelleken",
                    "homepage": "http://www.moelleken.org/"
                }
            ],
            "description": "Portable UTF-8 library - performance optimized (unicode) string functions for php.",
            "homepage": "https://github.com/voku/portable-utf8",
            "keywords": [
                "UTF",
                "clean",
                "php",
                "unicode",
                "utf-8",
                "utf8"
            ],
            "time": "2019-08-15T00:44:04+00:00"
        }
    ],
    "packages-dev": [],
    "aliases": [],
    "minimum-stability": "stable",
    "stability-flags": [],
    "prefer-stable": false,
    "prefer-lowest": false,
    "platform": {
        "php": ">=7.0.0"
    },
    "platform-dev": []
}
